
Microsoft Visual Studio Solution File, Format Version 12.00
# Visual Studio Version 16
VisualStudioVersion = 16.0.31729.503
MinimumVisualStudioVersion = 10.0.40219.1
Project("{FAE04EC0-301F-11D3-BF4B-00C04F79EFBC}") = "DemoApp.UWP", "DemoApp.UWP\DemoApp.UWP.csproj", "{C2A0FEB5-540E-42F1-ACFA-3B16746B3297}"
EndProject
Project("{FAE04EC0-301F-11D3-BF4B-00C04F79EFBC}") = "DemoApp.Android", "DemoApp.Android\DemoApp.Android.csproj", "{AF7BBEBF-85C2-4E8B-BC99-3965DAC370CC}"
EndProject
Project("{FAE04EC0-301F-11D3-BF4B-00C04F79EFBC}") = "DemoApp.iOS", "DemoApp.iOS\DemoApp.iOS.csproj", "{BC49ED26-0877-4E50-BE04-6A197A3BF8D4}"
EndProject
Project("{9A19103F-16F7-4668-BE54-9A1E7A4F7556}") = "DemoApp", "DemoApp\DemoApp.csproj", "{97CE1E22-AA8B-40C5-9145-E9DC05D532B8}"
EndProject
Project("{FAE04EC0-301F-11D3-BF4B-00C04F79EFBC}") = "ScriptTest", "ScriptTest\ScriptTest.csproj", "{9E39A71F-A5A1-496C-825D-734614E29102}"
EndProject
Global
	GlobalSection(SolutionConfigurationPlatforms) = preSolution
		Debug|Any CPU = Debug|Any CPU
		Debug|ARM = Debug|ARM
		Debug|iPhone = Debug|iPhone
		Debug|iPhoneSimulator = Debug|iPhoneSimulator
		Debug|x64 = Debug|x64
		Debug|x86 = Debug|x86
		Release|Any CPU = Release|Any CPU
		Release|ARM = Release|ARM
		Release|iPhone = Release|iPhone
		Release|iPhoneSimulator = Release|iPhoneSimulator
		Release|x64 = Release|x64
		Release|x86 = Release|x86
	EndGlobalSection
	GlobalSection(ProjectConfigurationPlatforms) = postSolution
		{C2A0FEB5-540E-42F1-ACFA-3B16746B3297}.Debug|Any CPU.ActiveCfg = Debug|x86
		{C2A0FEB5-540E-42F1-ACFA-3B16746B3297}.Debug|Any CPU.Build.0 = Debug|x86
		{C2A0FEB5-540E-42F1-ACFA-3B16746B3297}.Debug|Any CPU.Deploy.0 = Debug|x86
		{C2A0FEB5-540E-42F1-ACFA-3B16746B3297}.Debug|ARM.ActiveCfg = Debug|ARM
		{C2A0FEB5-540E-42F1-ACFA-3B16746B3297}.Debug|ARM.Build.0 = Debug|ARM
		{C2A0FEB5-540E-42F1-ACFA-3B16746B3297}.Debug|ARM.Deploy.0 = Debug|ARM
		{C2A0FEB5-540E-42F1-ACFA-3B16746B3297}.Debug|iPhone.ActiveCfg = Debug|x86
		{C2A0FEB5-540E-42F1-ACFA-3B16746B3297}.Debug|iPhone.Build.0 = Debug|x86
		{C2A0FEB5-540E-42F1-ACFA-3B16746B3297}.Debug|iPhone.Deploy.0 = Debug|x86
		{C2A0FEB5-540E-42F1-ACFA-3B16746B3297}.Debug|iPhoneSimulator.ActiveCfg = Debug|x86
		{C2A0FEB5-540E-42F1-ACFA-3B16746B3297}.Debug|iPhoneSimulator.Build.0 = Debug|x86
		{C2A0FEB5-540E-42F1-ACFA-3B16746B3297}.Debug|iPhoneSimulator.Deploy.0 = Debug|x86
		{C2A0FEB5-540E-42F1-ACFA-3B16746B3297}.Debug|x64.ActiveCfg = Debug|x64
		{C2A0FEB5-540E-42F1-ACFA-3B16746B3297}.Debug|x64.Build.0 = Debug|x64
		{C2A0FEB5-540E-42F1-ACFA-3B16746B3297}.Debug|x64.Deploy.0 = Debug|x64
		{C2A0FEB5-540E-42F1-ACFA-3B16746B3297}.Debug|x86.ActiveCfg = Debug|x86
		{C2A0FEB5-540E-42F1-ACFA-3B16746B3297}.Debug|x86.Build.0 = Debug|x86
		{C2A0FEB5-540E-42F1-ACFA-3B16746B3297}.Debug|x86.Deploy.0 = Debug|x86
		{C2A0FEB5-540E-42F1-ACFA-3B16746B3297}.Release|Any CPU.ActiveCfg = Release|x86
		{C2A0FEB5-540E-42F1-ACFA-3B16746B3297}.Release|Any CPU.Build.0 = Release|x86
		{C2A0FEB5-540E-42F1-ACFA-3B16746B3297}.Release|Any CPU.Deploy.0 = Release|x86
		{C2A0FEB5-540E-42F1-ACFA-3B16746B3297}.Release|ARM.ActiveCfg = Release|ARM
		{C2A0FEB5-540E-42F1-ACFA-3B16746B3297}.Release|ARM.Build.0 = Release|ARM
		{C2A0FEB5-540E-42F1-ACFA-3B16746B3297}.Release|ARM.Deploy.0 = Release|ARM
		{C2A0FEB5-540E-42F1-ACFA-3B16746B3297}.Release|iPhone.ActiveCfg = Release|x86
		{C2A0FEB5-540E-42F1-ACFA-3B16746B3297}.Release|iPhone.Build.0 = Release|x86
		{C2A0FEB5-540E-42F1-ACFA-3B16746B3297}.Release|iPhone.Deploy.0 = Release|x86
		{C2A0FEB5-540E-42F1-ACFA-3B16746B3297}.Release|iPhoneSimulator.ActiveCfg = Release|x86
		{C2A0FEB5-540E-42F1-ACFA-3B16746B3297}.Release|iPhoneSimulator.Build.0 = Release|x86
		{C2A0FEB5-540E-42F1-ACFA-3B16746B3297}.Release|iPhoneSimulator.Deploy.0 = Release|x86
		{C2A0FEB5-540E-42F1-ACFA-3B16746B3297}.Release|x64.ActiveCfg = Release|x64
		{C2A0FEB5-540E-42F1-ACFA-3B16746B3297}.Release|x64.Build.0 = Release|x64
		{C2A0FEB5-540E-42F1-ACFA-3B16746B3297}.Release|x64.Deploy.0 = Release|x64
		{C2A0FEB5-540E-42F1-ACFA-3B16746B3297}.Release|x86.ActiveCfg = Release|x86
		{C2A0FEB5-540E-42F1-ACFA-3B16746B3297}.Release|x86.Build.0 = Release|x86
		{C2A0FEB5-540E-42F1-ACFA-3B16746B3297}.Release|x86.Deploy.0 = Release|x86
		{AF7BBEBF-85C2-4E8B-BC99-3965DAC370CC}.Debug|Any CPU.ActiveCfg = Debug|Any CPU
		{AF7BBEBF-85C2-4E8B-BC99-3965DAC370CC}.Debug|Any CPU.Build.0 = Debug|Any CPU
		{AF7BBEBF-85C2-4E8B-BC99-3965DAC370CC}.Debug|Any CPU.Deploy.0 = Debug|Any CPU
		{AF7BBEBF-85C2-4E8B-BC99-3965DAC370CC}.Debug|ARM.ActiveCfg = Debug|Any CPU
		{AF7BBEBF-85C2-4E8B-BC99-3965DAC370CC}.Debug|ARM.Build.0 = Debug|Any CPU
		{AF7BBEBF-85C2-4E8B-BC99-3965DAC370CC}.Debug|ARM.Deploy.0 = Debug|Any CPU
		{AF7BBEBF-85C2-4E8B-BC99-3965DAC370CC}.Debug|iPhone.ActiveCfg = Debug|Any CPU
		{AF7BBEBF-85C2-4E8B-BC99-3965DAC370CC}.Debug|iPhone.Build.0 = Debug|Any CPU
		{AF7BBEBF-85C2-4E8B-BC99-3965DAC370CC}.Debug|iPhone.Deploy.0 = Debug|Any CPU
		{AF7BBEBF-85C2-4E8B-BC99-3965DAC370CC}.Debug|iPhoneSimulator.ActiveCfg = Debug|Any CPU
		{AF7BBEBF-85C2-4E8B-BC99-3965DAC370CC}.Debug|iPhoneSimulator.Build.0 = Debug|Any CPU
		{AF7BBEBF-85C2-4E8B-BC99-3965DAC370CC}.Debug|iPhoneSimulator.Deploy.0 = Debug|Any CPU
		{AF7BBEBF-85C2-4E8B-BC99-3965DAC370CC}.Debug|x64.ActiveCfg = Debug|Any CPU
		{AF7BBEBF-85C2-4E8B-BC99-3965DAC370CC}.Debug|x64.Build.0 = Debug|Any CPU
		{AF7BBEBF-85C2-4E8B-BC99-3965DAC370CC}.Debug|x64.Deploy.0 = Debug|Any CPU
		{AF7BBEBF-85C2-4E8B-BC99-3965DAC370CC}.Debug|x86.ActiveCfg = Debug|Any CPU
		{AF7BBEBF-85C2-4E8B-BC99-3965DAC370CC}.Debug|x86.Build.0 = Debug|Any CPU
		{AF7BBEBF-85C2-4E8B-BC99-3965DAC370CC}.Debug|x86.Deploy.0 = Debug|Any CPU
		{AF7BBEBF-85C2-4E8B-BC99-3965DAC370CC}.Release|Any CPU.ActiveCfg = Release|Any CPU
		{AF7BBEBF-85C2-4E8B-BC99-3965DAC370CC}.Release|Any CPU.Build.0 = Release|Any CPU
		{AF7BBEBF-85C2-4E8B-BC99-3965DAC370CC}.Release|Any CPU.Deploy.0 = Release|Any CPU
		{AF7BBEBF-85C2-4E8B-BC99-3965DAC370CC}.Release|ARM.ActiveCfg = Release|Any CPU
		{AF7BBEBF-85C2-4E8B-BC99-3965DAC370CC}.Release|ARM.Build.0 = Release|Any CPU
		{AF7BBEBF-85C2-4E8B-BC99-3965DAC370CC}.Release|ARM.Deploy.0 = Release|Any CPU
		{AF7BBEBF-85C2-4E8B-BC99-3965DAC370CC}.Release|iPhone.ActiveCfg = Release|Any CPU
		{AF7BBEBF-85C2-4E8B-BC99-3965DAC370CC}.Release|iPhone.Build.0 = Release|Any CPU
		{AF7BBEBF-85C2-4E8B-BC99-3965DAC370CC}.Release|iPhone.Deploy.0 = Release|Any CPU
		{AF7BBEBF-85C2-4E8B-BC99-3965DAC370CC}.Release|iPhoneSimulator.ActiveCfg = Release|Any CPU
		{AF7BBEBF-85C2-4E8B-BC99-3965DAC370CC}.Release|iPhoneSimulator.Build.0 = Release|Any CPU
		{AF7BBEBF-85C2-4E8B-BC99-3965DAC370CC}.Release|iPhoneSimulator.Deploy.0 = Release|Any CPU
		{AF7BBEBF-85C2-4E8B-BC99-3965DAC370CC}.Release|x64.ActiveCfg = Release|Any CPU
		{AF7BBEBF-85C2-4E8B-BC99-3965DAC370CC}.Release|x64.Build.0 = Release|Any CPU
		{AF7BBEBF-85C2-4E8B-BC99-3965DAC370CC}.Release|x64.Deploy.0 = Release|Any CPU
		{AF7BBEBF-85C2-4E8B-BC99-3965DAC370CC}.Release|x86.ActiveCfg = Release|Any CPU
		{AF7BBEBF-85C2-4E8B-BC99-3965DAC370CC}.Release|x86.Build.0 = Release|Any CPU
		{AF7BBEBF-85C2-4E8B-BC99-3965DAC370CC}.Release|x86.Deploy.0 = Release|Any CPU
		{BC49ED26-0877-4E50-BE04-6A197A3BF8D4}.Debug|Any CPU.ActiveCfg = Debug|iPhoneSimulator
		{BC49ED26-0877-4E50-BE04-6A197A3BF8D4}.Debug|Any CPU.Build.0 = Debug|iPhoneSimulator
		{BC49ED26-0877-4E50-BE04-6A197A3BF8D4}.Debug|Any CPU.Deploy.0 = Debug|iPhoneSimulator
		{BC49ED26-0877-4E50-BE04-6A197A3BF8D4}.Debug|ARM.ActiveCfg = Debug|iPhone
		{BC49ED26-0877-4E50-BE04-6A197A3BF8D4}.Debug|ARM.Build.0 = Debug|iPhone
		{BC49ED26-0877-4E50-BE04-6A197A3BF8D4}.Debug|ARM.Deploy.0 = Debug|iPhone
		{BC49ED26-0877-4E50-BE04-6A197A3BF8D4}.Debug|iPhone.ActiveCfg = Debug|iPhone
		{BC49ED26-0877-4E50-BE04-6A197A3BF8D4}.Debug|iPhone.Build.0 = Debug|iPhone
		{BC49ED26-0877-4E50-BE04-6A197A3BF8D4}.Debug|iPhone.Deploy.0 = Debug|iPhone
		{BC49ED26-0877-4E50-BE04-6A197A3BF8D4}.Debug|iPhoneSimulator.ActiveCfg = Debug|iPhoneSimulator
		{BC49ED26-0877-4E50-BE04-6A197A3BF8D4}.Debug|iPhoneSimulator.Build.0 = Debug|iPhoneSimulator
		{BC49ED26-0877-4E50-BE04-6A197A3BF8D4}.Debug|iPhoneSimulator.Deploy.0 = Debug|iPhoneSimulator
		{BC49ED26-0877-4E50-BE04-6A197A3BF8D4}.Debug|x64.ActiveCfg = Debug|iPhoneSimulator
		{BC49ED26-0877-4E50-BE04-6A197A3BF8D4}.Debug|x64.Build.0 = Debug|iPhoneSimulator
		{BC49ED26-0877-4E50-BE04-6A197A3BF8D4}.Debug|x64.Deploy.0 = Debug|iPhoneSimulator
		{BC49ED26-0877-4E50-BE04-6A197A3BF8D4}.Debug|x86.ActiveCfg = Debug|iPhoneSimulator
		{BC49ED26-0877-4E50-BE04-6A197A3BF8D4}.Debug|x86.Build.0 = Debug|iPhoneSimulator
		{BC49ED26-0877-4E50-BE04-6A197A3BF8D4}.Debug|x86.Deploy.0 = Debug|iPhoneSimulator
		{BC49ED26-0877-4E50-BE04-6A197A3BF8D4}.Release|Any CPU.ActiveCfg = Release|iPhoneSimulator
		{BC49ED26-0877-4E50-BE04-6A197A3BF8D4}.Release|Any CPU.Build.0 = Release|iPhoneSimulator
		{BC49ED26-0877-4E50-BE04-6A197A3BF8D4}.Release|Any CPU.Deploy.0 = Release|iPhoneSimulator
		{BC49ED26-0877-4E50-BE04-6A197A3BF8D4}.Release|ARM.ActiveCfg = Release|iPhoneSimulator
		{BC49ED26-0877-4E50-BE04-6A197A3BF8D4}.Release|ARM.Build.0 = Release|iPhoneSimulator
		{BC49ED26-0877-4E50-BE04-6A197A3BF8D4}.Release|ARM.Deploy.0 = Release|iPhoneSimulator
		{BC49ED26-0877-4E50-BE04-6A197A3BF8D4}.Release|iPhone.ActiveCfg = Release|iPhone
		{BC49ED26-0877-4E50-BE04-6A197A3BF8D4}.Release|iPhone.Build.0 = Release|iPhone
		{BC49ED26-0877-4E50-BE04-6A197A3BF8D4}.Release|iPhone.Deploy.0 = Release|iPhone
		{BC49ED26-0877-4E50-BE04-6A197A3BF8D4}.Release|iPhoneSimulator.ActiveCfg = Release|iPhoneSimulator
		{BC49ED26-0877-4E50-BE04-6A197A3BF8D4}.Release|iPhoneSimulator.Build.0 = Release|iPhoneSimulator
		{BC49ED26-0877-4E50-BE04-6A197A3BF8D4}.Release|iPhoneSimulator.Deploy.0 = Release|iPhoneSimulator
		{BC49ED26-0877-4E50-BE04-6A197A3BF8D4}.Release|x64.ActiveCfg = Release|iPhoneSimulator
		{BC49ED26-0877-4E50-BE04-6A197A3BF8D4}.Release|x64.Build.0 = Release|iPhoneSimulator
		{BC49ED26-0877-4E50-BE04-6A197A3BF8D4}.Release|x64.Deploy.0 = Release|iPhoneSimulator
		{BC49ED26-0877-4E50-BE04-6A197A3BF8D4}.Release|x86.ActiveCfg = Release|iPhoneSimulator
		{BC49ED26-0877-4E50-BE04-6A197A3BF8D4}.Release|x86.Build.0 = Release|iPhoneSimulator
		{BC49ED26-0877-4E50-BE04-6A197A3BF8D4}.Release|x86.Deploy.0 = Release|iPhoneSimulator
		{97CE1E22-AA8B-40C5-9145-E9DC05D532B8}.Debug|Any CPU.ActiveCfg = Debug|Any CPU
		{97CE1E22-AA8B-40C5-9145-E9DC05D532B8}.Debug|Any CPU.Build.0 = Debug|Any CPU
		{97CE1E22-AA8B-40C5-9145-E9DC05D532B8}.Debug|Any CPU.Deploy.0 = Debug|Any CPU
		{97CE1E22-AA8B-40C5-9145-E9DC05D532B8}.Debug|ARM.ActiveCfg = Debug|Any CPU
		{97CE1E22-AA8B-40C5-9145-E9DC05D532B8}.Debug|ARM.Build.0 = Debug|Any CPU
		{97CE1E22-AA8B-40C5-9145-E9DC05D532B8}.Debug|ARM.Deploy.0 = Debug|Any CPU
		{97CE1E22-AA8B-40C5-9145-E9DC05D532B8}.Debug|iPhone.ActiveCfg = Debug|Any CPU
		{97CE1E22-AA8B-40C5-9145-E9DC05D532B8}.Debug|iPhone.Build.0 = Debug|Any CPU
		{97CE1E22-AA8B-40C5-9145-E9DC05D532B8}.Debug|iPhone.Deploy.0 = Debug|Any CPU
		{97CE1E22-AA8B-40C5-9145-E9DC05D532B8}.Debug|iPhoneSimulator.ActiveCfg = Debug|Any CPU
		{97CE1E22-AA8B-40C5-9145-E9DC05D532B8}.Debug|iPhoneSimulator.Build.0 = Debug|Any CPU
		{97CE1E22-AA8B-40C5-9145-E9DC05D532B8}.Debug|iPhoneSimulator.Deploy.0 = Debug|Any CPU
		{97CE1E22-AA8B-40C5-9145-E9DC05D532B8}.Debug|x64.ActiveCfg = Debug|Any CPU
		{97CE1E22-AA8B-40C5-9145-E9DC05D532B8}.Debug|x64.Build.0 = Debug|Any CPU
		{97CE1E22-AA8B-40C5-9145-E9DC05D532B8}.Debug|x64.Deploy.0 = Debug|Any CPU
		{97CE1E22-AA8B-40C5-9145-E9DC05D532B8}.Debug|x86.ActiveCfg = Debug|Any CPU
		{97CE1E22-AA8B-40C5-9145-E9DC05D532B8}.Debug|x86.Build.0 = Debug|Any CPU
		{97CE1E22-AA8B-40C5-9145-E9DC05D532B8}.Debug|x86.Deploy.0 = Debug|Any CPU
		{97CE1E22-AA8B-40C5-9145-E9DC05D532B8}.Release|Any CPU.ActiveCfg = Release|Any CPU
		{97CE1E22-AA8B-40C5-9145-E9DC05D532B8}.Release|Any CPU.Build.0 = Release|Any CPU
		{97CE1E22-AA8B-40C5-9145-E9DC05D532B8}.Release|Any CPU.Deploy.0 = Release|Any CPU
		{97CE1E22-AA8B-40C5-9145-E9DC05D532B8}.Release|ARM.ActiveCfg = Release|Any CPU
		{97CE1E22-AA8B-40C5-9145-E9DC05D532B8}.Release|ARM.Build.0 = Release|Any CPU
		{97CE1E22-AA8B-40C5-9145-E9DC05D532B8}.Release|ARM.Deploy.0 = Release|Any CPU
		{97CE1E22-AA8B-40C5-9145-E9DC05D532B8}.Release|iPhone.ActiveCfg = Release|Any CPU
		{97CE1E22-AA8B-40C5-9145-E9DC05D532B8}.Release|iPhone.Build.0 = Release|Any CPU
		{97CE1E22-AA8B-40C5-9145-E9DC05D532B8}.Release|iPhone.Deploy.0 = Release|Any CPU
		{97CE1E22-AA8B-40C5-9145-E9DC05D532B8}.Release|iPhoneSimulator.ActiveCfg = Release|Any CPU
		{97CE1E22-AA8B-40C5-9145-E9DC05D532B8}.Release|iPhoneSimulator.Build.0 = Release|Any CPU
		{97CE1E22-AA8B-40C5-9145-E9DC05D532B8}.Release|iPhoneSimulator.Deploy.0 = Release|Any CPU
		{97CE1E22-AA8B-40C5-9145-E9DC05D532B8}.Release|x64.ActiveCfg = Release|Any CPU
		{97CE1E22-AA8B-40C5-9145-E9DC05D532B8}.Release|x64.Build.0 = Release|Any CPU
		{97CE1E22-AA8B-40C5-9145-E9DC05D532B8}.Release|x64.Deploy.0 = Release|Any CPU
		{97CE1E22-AA8B-40C5-9145-E9DC05D532B8}.Release|x86.ActiveCfg = Release|Any CPU
		{97CE1E22-AA8B-40C5-9145-E9DC05D532B8}.Release|x86.Build.0 = Release|Any CPU
		{97CE1E22-AA8B-40C5-9145-E9DC05D532B8}.Release|x86.Deploy.0 = Release|Any CPU
		{9E39A71F-A5A1-496C-825D-734614E29102}.Debug|Any CPU.ActiveCfg = Debug|Any CPU
		{9E39A71F-A5A1-496C-825D-734614E29102}.Debug|Any CPU.Build.0 = Debug|Any CPU
		{9E39A71F-A5A1-496C-825D-734614E29102}.Debug|ARM.ActiveCfg = Debug|Any CPU
		{9E39A71F-A5A1-496C-825D-734614E29102}.Debug|ARM.Build.0 = Debug|Any CPU
		{9E39A71F-A5A1-496C-825D-734614E29102}.Debug|iPhone.ActiveCfg = Debug|Any CPU
		{9E39A71F-A5A1-496C-825D-734614E29102}.Debug|iPhone.Build.0 = Debug|Any CPU
		{9E39A71F-A5A1-496C-825D-734614E29102}.Debug|iPhoneSimulator.ActiveCfg = Debug|Any CPU
		{9E39A71F-A5A1-496C-825D-734614E29102}.Debug|iPhoneSimulator.Build.0 = Debug|Any CPU
		{9E39A71F-A5A1-496C-825D-734614E29102}.Debug|x64.ActiveCfg = Debug|Any CPU
		{9E39A71F-A5A1-496C-825D-734614E29102}.Debug|x64.Build.0 = Debug|Any CPU
		{9E39A71F-A5A1-496C-825D-734614E29102}.Debug|x86.ActiveCfg = Debug|Any CPU
		{9E39A71F-A5A1-496C-825D-734614E29102}.Debug|x86.Build.0 = Debug|Any CPU
		{9E39A71F-A5A1-496C-825D-734614E29102}.Release|Any CPU.ActiveCfg = Release|Any CPU
		{9E39A71F-A5A1-496C-825D-734614E29102}.Release|Any CPU.Build.0 = Release|Any CPU
		{9E39A71F-A5A1-496C-825D-734614E29102}.Release|ARM.ActiveCfg = Release|Any CPU
		{9E39A71F-A5A1-496C-825D-734614E29102}.Release|ARM.Build.0 = Release|Any CPU
		{9E39A71F-A5A1-496C-825D-734614E29102}.Release|iPhone.ActiveCfg = Release|Any CPU
		{9E39A71F-A5A1-496C-825D-734614E29102}.Release|iPhone.Build.0 = Release|Any CPU
		{9E39A71F-A5A1-496C-825D-734614E29102}.Release|iPhoneSimulator.ActiveCfg = Release|Any CPU
		{9E39A71F-A5A1-496C-825D-734614E29102}.Release|iPhoneSimulator.Build.0 = Release|Any CPU
		{9E39A71F-A5A1-496C-825D-734614E29102}.Release|x64.ActiveCfg = Release|Any CPU
		{9E39A71F-A5A1-496C-825D-734614E29102}.Release|x64.Build.0 = Release|Any CPU
		{9E39A71F-A5A1-496C-825D-734614E29102}.Release|x86.ActiveCfg = Release|Any CPU
		{9E39A71F-A5A1-496C-825D-734614E29102}.Release|x86.Build.0 = Release|Any CPU
	EndGlobalSection
	GlobalSection(SolutionProperties) = preSolution
		HideSolutionNode = FALSE
	EndGlobalSection
	GlobalSection(ExtensibilityGlobals) = postSolution
		SolutionGuid = {36B2F4CA-C6BF-4FE3-8F45-43323F84A675}
	EndGlobalSection
EndGlobal
